# THIS IS AN AUTOGENERATED FILE. DO NOT EDIT THIS FILE DIRECTLY.
# yarn lockfile v1


"@types/aws-lambda@^8.10.92":
  version "8.10.122"
  resolved "https://registry.yarnpkg.com/@types/aws-lambda/-/aws-lambda-8.10.122.tgz#206c8d71b09325d26a458dba27db842afdc54df1"
  integrity sha512-vBkIh9AY22kVOCEKo5CJlyCgmSWvasC+SWUxL/x/vOwRobMpI/HG1xp/Ae3AqmSiZeLUbOhW0FCD3ZjqqUxmXw==
