// !$*UTF8*$!
{
	archiveVersion = 1;
	classes = {
	};
	objectVersion = 56;
	objects = {

/* Begin PBXBuildFile section */
		10E51E682ABC7B4E00A2F5B7 /* prontoApp.swift in Sources */ = {isa = PBXBuildFile; fileRef = 10E51E672ABC7B4E00A2F5B7 /* prontoApp.swift */; };
		10E51E6A2ABC7B4E00A2F5B7 /* ContentView.swift in Sources */ = {isa = PBXBuildFile; fileRef = 10E51E692ABC7B4E00A2F5B7 /* ContentView.swift */; };
		10E51E6C2ABC7B5000A2F5B7 /* Assets.xcassets in Resources */ = {isa = PBXBuildFile; fileRef = 10E51E6B2ABC7B5000A2F5B7 /* Assets.xcassets */; };
		10E51E6F2ABC7B5000A2F5B7 /* Preview Assets.xcassets in Resources */ = {isa = PBXBuildFile; fileRef = 10E51E6E2ABC7B5000A2F5B7 /* Preview Assets.xcassets */; };
		10E51E792ABC7B5100A2F5B7 /* prontoTests.swift in Sources */ = {isa = PBXBuildFile; fileRef = 10E51E782ABC7B5100A2F5B7 /* prontoTests.swift */; };
		10E51E832ABC7B5100A2F5B7 /* prontoUITests.swift in Sources */ = {isa = PBXBuildFile; fileRef = 10E51E822ABC7B5100A2F5B7 /* prontoUITests.swift */; };
		10E51E852ABC7B5100A2F5B7 /* prontoUITestsLaunchTests.swift in Sources */ = {isa = PBXBuildFile; fileRef = 10E51E842ABC7B5100A2F5B7 /* prontoUITestsLaunchTests.swift */; };
/* End PBXBuildFile section */

/* Begin PBXContainerItemProxy section */
		10E51E752ABC7B5100A2F5B7 /* PBXContainerItemProxy */ = {
			isa = PBXContainerItemProxy;
			containerPortal = 10E51E5C2ABC7B4E00A2F5B7 /* Project object */;
			proxyType = 1;
			remoteGlobalIDString = 10E51E632ABC7B4E00A2F5B7;
			remoteInfo = pronto;
		};
		10E51E7F2ABC7B5100A2F5B7 /* PBXContainerItemProxy */ = {
			isa = PBXContainerItemProxy;
			containerPortal = 10E51E5C2ABC7B4E00A2F5B7 /* Project object */;
			proxyType = 1;
			remoteGlobalIDString = 10E51E632ABC7B4E00A2F5B7;
			remoteInfo = pronto;
		};
/* End PBXContainerItemProxy section */

/* Begin PBXFileReference section */
		10E51E642ABC7B4E00A2F5B7 /* pronto.app */ = {isa = PBXFileReference; explicitFileType = wrapper.application; includeInIndex = 0; path = pronto.app; sourceTree = BUILT_PRODUCTS_DIR; };
		10E51E672ABC7B4E00A2F5B7 /* prontoApp.swift */ = {isa = PBXFileReference; lastKnownFileType = sourcecode.swift; path = prontoApp.swift; sourceTree = "<group>"; };
		10E51E692ABC7B4E00A2F5B7 /* ContentView.swift */ = {isa = PBXFileReference; lastKnownFileType = sourcecode.swift; path = ContentView.swift; sourceTree = "<group>"; };
		10E51E6B2ABC7B5000A2F5B7 /* Assets.xcassets */ = {isa = PBXFileReference; lastKnownFileType = folder.assetcatalog; path = Assets.xcassets; sourceTree = "<group>"; };
		10E51E6E2ABC7B5000A2F5B7 /* Preview Assets.xcassets */ = {isa = PBXFileReference; lastKnownFileType = folder.assetcatalog; path = "Preview Assets.xcassets"; sourceTree = "<group>"; };
		10E51E742ABC7B5100A2F5B7 /* prontoTests.xctest */ = {isa = PBXFileReference; explicitFileType = wrapper.cfbundle; includeInIndex = 0; path = prontoTests.xctest; sourceTree = BUILT_PRODUCTS_DIR; };
		10E51E782ABC7B5100A2F5B7 /* prontoTests.swift */ = {isa = PBXFileReference; lastKnownFileType = sourcecode.swift; path = prontoTests.swift; sourceTree = "<group>"; };
		10E51E7E2ABC7B5100A2F5B7 /* prontoUITests.xctest */ = {isa = PBXFileReference; explicitFileType = wrapper.cfbundle; includeInIndex = 0; path = prontoUITests.xctest; sourceTree = BUILT_PRODUCTS_DIR; };
		10E51E822ABC7B5100A2F5B7 /* prontoUITests.swift */ = {isa = PBXFileReference; lastKnownFileType = sourcecode.swift; path = prontoUITests.swift; sourceTree = "<group>"; };
		10E51E842ABC7B5100A2F5B7 /* prontoUITestsLaunchTests.swift */ = {isa = PBXFileReference; lastKnownFileType = sourcecode.swift; path = prontoUITestsLaunchTests.swift; sourceTree = "<group>"; };
/* End PBXFileReference section */

/* Begin PBXFrameworksBuildPhase section */
		10E51E612ABC7B4E00A2F5B7 /* Frameworks */ = {
			isa = PBXFrameworksBuildPhase;
			buildActionMask = 2147483647;
			files = (
			);
			runOnlyForDeploymentPostprocessing = 0;
		};
		10E51E712ABC7B5100A2F5B7 /* Frameworks */ = {
			isa = PBXFrameworksBuildPhase;
			buildActionMask = 2147483647;
			files = (
			);
			runOnlyForDeploymentPostprocessing = 0;
		};
		10E51E7B2ABC7B5100A2F5B7 /* Frameworks */ = {
			isa = PBXFrameworksBuildPhase;
			buildActionMask = 2147483647;
			files = (
			);
			runOnlyForDeploymentPostprocessing = 0;
		};
/* End PBXFrameworksBuildPhase section */

/* Begin PBXGroup section */
		10E51E5B2ABC7B4E00A2F5B7 = {
			isa = PBXGroup;
			children = (
				10E51E662ABC7B4E00A2F5B7 /* pronto */,
				10E51E772ABC7B5100A2F5B7 /* prontoTests */,
				10E51E812ABC7B5100A2F5B7 /* prontoUITests */,
				10E51E652ABC7B4E00A2F5B7 /* Products */,
			);
			sourceTree = "<group>";
		};
		10E51E652ABC7B4E00A2F5B7 /* Products */ = {
			isa = PBXGroup;
			children = (
				10E51E642ABC7B4E00A2F5B7 /* pronto.app */,
				10E51E742ABC7B5100A2F5B7 /* prontoTests.xctest */,
				10E51E7E2ABC7B5100A2F5B7 /* prontoUITests.xctest */,
			);
			name = Products;
			sourceTree = "<group>";
		};
		10E51E662ABC7B4E00A2F5B7 /* pronto */ = {
			isa = PBXGroup;
			children = (
				10E51E672ABC7B4E00A2F5B7 /* prontoApp.swift */,
				10E51E692ABC7B4E00A2F5B7 /* ContentView.swift */,
				10E51E6B2ABC7B5000A2F5B7 /* Assets.xcassets */,
				10E51E6D2ABC7B5000A2F5B7 /* Preview Content */,
			);
			path = pronto;
			sourceTree = "<group>";
		};
		10E51E6D2ABC7B5000A2F5B7 /* Preview Content */ = {
			isa = PBXGroup;
			children = (
				10E51E6E2ABC7B5000A2F5B7 /* Preview Assets.xcassets */,
			);
			path = "Preview Content";
			sourceTree = "<group>";
		};
		10E51E772ABC7B5100A2F5B7 /* prontoTests */ = {
			isa = PBXGroup;
			children = (
				10E51E782ABC7B5100A2F5B7 /* prontoTests.swift */,
			);
			path = prontoTests;
			sourceTree = "<group>";
		};
		10E51E812ABC7B5100A2F5B7 /* prontoUITests */ = {
			isa = PBXGroup;
			children = (
				10E51E822ABC7B5100A2F5B7 /* prontoUITests.swift */,
				10E51E842ABC7B5100A2F5B7 /* prontoUITestsLaunchTests.swift */,
			);
			path = prontoUITests;
			sourceTree = "<group>";
		};
/* End PBXGroup section */

/* Begin PBXNativeTarget section */
		10E51E632ABC7B4E00A2F5B7 /* pronto */ = {
			isa = PBXNativeTarget;
			buildConfigurationList = 10E51E882ABC7B5100A2F5B7 /* Build configuration list for PBXNativeTarget "pronto" */;
			buildPhases = (
				10E51E602ABC7B4E00A2F5B7 /* Sources */,
				10E51E612ABC7B4E00A2F5B7 /* Frameworks */,
				10E51E622ABC7B4E00A2F5B7 /* Resources */,
			);
			buildRules = (
			);
			dependencies = (
			);
			name = pronto;
			productName = pronto;
			productReference = 10E51E642ABC7B4E00A2F5B7 /* pronto.app */;
			productType = "com.apple.product-type.application";
		};
		10E51E732ABC7B5100A2F5B7 /* prontoTests */ = {
			isa = PBXNativeTarget;
			buildConfigurationList = 10E51E8B2ABC7B5100A2F5B7 /* Build configuration list for PBXNativeTarget "prontoTests" */;
			buildPhases = (
				10E51E702ABC7B5100A2F5B7 /* Sources */,
				10E51E712ABC7B5100A2F5B7 /* Frameworks */,
				10E51E722ABC7B5100A2F5B7 /* Resources */,
			);
			buildRules = (
			);
			dependencies = (
				10E51E762ABC7B5100A2F5B7 /* PBXTargetDependency */,
			);
			name = prontoTests;
			productName = prontoTests;
			productReference = 10E51E742ABC7B5100A2F5B7 /* prontoTests.xctest */;
			productType = "com.apple.product-type.bundle.unit-test";
		};
		10E51E7D2ABC7B5100A2F5B7 /* prontoUITests */ = {
			isa = PBXNativeTarget;
			buildConfigurationList = 10E51E8E2ABC7B5100A2F5B7 /* Build configuration list for PBXNativeTarget "prontoUITests" */;
			buildPhases = (
				10E51E7A2ABC7B5100A2F5B7 /* Sources */,
				10E51E7B2ABC7B5100A2F5B7 /* Frameworks */,
				10E51E7C2ABC7B5100A2F5B7 /* Resources */,
			);
			buildRules = (
			);
			dependencies = (
				10E51E802ABC7B5100A2F5B7 /* PBXTargetDependency */,
			);
			name = prontoUITests;
			productName = prontoUITests;
			productReference = 10E51E7E2ABC7B5100A2F5B7 /* prontoUITests.xctest */;
			productType = "com.apple.product-type.bundle.ui-testing";
		};
/* End PBXNativeTarget section */

/* Begin PBXProject section */
		10E51E5C2ABC7B4E00A2F5B7 /* Project object */ = {
			isa = PBXProject;
			attributes = {
				BuildIndependentTargetsInParallel = 1;
				LastSwiftUpdateCheck = 1430;
				LastUpgradeCheck = 1430;
				TargetAttributes = {
					10E51E632ABC7B4E00A2F5B7 = {
						CreatedOnToolsVersion = 14.3.1;
					};
					10E51E732ABC7B5100A2F5B7 = {
						CreatedOnToolsVersion = 14.3.1;
						TestTargetID = 10E51E632ABC7B4E00A2F5B7;
					};
					10E51E7D2ABC7B5100A2F5B7 = {
						CreatedOnToolsVersion = 14.3.1;
						TestTargetID = 10E51E632ABC7B4E00A2F5B7;
					};
				};
			};
			buildConfigurationList = 10E51E5F2ABC7B4E00A2F5B7 /* Build configuration list for PBXProject "pronto" */;
			compatibilityVersion = "Xcode 14.0";
			developmentRegion = en;
			hasScannedForEncodings = 0;
			knownRegions = (
				en,
				Base,
			);
			mainGroup = 10E51E5B2ABC7B4E00A2F5B7;
			productRefGroup = 10E51E652ABC7B4E00A2F5B7 /* Products */;
			projectDirPath = "";
			projectRoot = "";
			targets = (
				10E51E632ABC7B4E00A2F5B7 /* pronto */,
				10E51E732ABC7B5100A2F5B7 /* prontoTests */,
				10E51E7D2ABC7B5100A2F5B7 /* prontoUITests */,
			);
		};
/* End PBXProject section */

/* Begin PBXResourcesBuildPhase section */
		10E51E622ABC7B4E00A2F5B7 /* Resources */ = {
			isa = PBXResourcesBuildPhase;
			buildActionMask = 2147483647;
			files = (
				10E51E6F2ABC7B5000A2F5B7 /* Preview Assets.xcassets in Resources */,
				10E51E6C2ABC7B5000A2F5B7 /* Assets.xcassets in Resources */,
			);
			runOnlyForDeploymentPostprocessing = 0;
		};
		10E51E722ABC7B5100A2F5B7 /* Resources */ = {
			isa = PBXResourcesBuildPhase;
			buildActionMask = 2147483647;
			files = (
			);
			runOnlyForDeploymentPostprocessing = 0;
		};
		10E51E7C2ABC7B5100A2F5B7 /* Resources */ = {
			isa = PBXResourcesBuildPhase;
			buildActionMask = 2147483647;
			files = (
			);
			runOnlyForDeploymentPostprocessing = 0;
		};
/* End PBXResourcesBuildPhase section */

/* Begin PBXSourcesBuildPhase section */
		10E51E602ABC7B4E00A2F5B7 /* Sources */ = {
			isa = PBXSourcesBuildPhase;
			buildActionMask = 2147483647;
			files = (
				10E51E6A2ABC7B4E00A2F5B7 /* ContentView.swift in Sources */,
				10E51E682ABC7B4E00A2F5B7 /* prontoApp.swift in Sources */,
			);
			runOnlyForDeploymentPostprocessing = 0;
		};
		10E51E702ABC7B5100A2F5B7 /* Sources */ = {
			isa = PBXSourcesBuildPhase;
			buildActionMask = 2147483647;
			files = (
				10E51E792ABC7B5100A2F5B7 /* prontoTests.swift in Sources */,
			);
			runOnlyForDeploymentPostprocessing = 0;
		};
		10E51E7A2ABC7B5100A2F5B7 /* Sources */ = {
			isa = PBXSourcesBuildPhase;
			buildActionMask = 2147483647;
			files = (
				10E51E852ABC7B5100A2F5B7 /* prontoUITestsLaunchTests.swift in Sources */,
				10E51E832ABC7B5100A2F5B7 /* prontoUITests.swift in Sources */,
			);
			runOnlyForDeploymentPostprocessing = 0;
		};
/* End PBXSourcesBuildPhase section */

/* Begin PBXTargetDependency section */
		10E51E762ABC7B5100A2F5B7 /* PBXTargetDependency */ = {
			isa = PBXTargetDependency;
			target = 10E51E632ABC7B4E00A2F5B7 /* pronto */;
			targetProxy = 10E51E752ABC7B5100A2F5B7 /* PBXContainerItemProxy */;
		};
		10E51E802ABC7B5100A2F5B7 /* PBXTargetDependency */ = {
			isa = PBXTargetDependency;
			target = 10E51E632ABC7B4E00A2F5B7 /* pronto */;
			targetProxy = 10E51E7F2ABC7B5100A2F5B7 /* PBXContainerItemProxy */;
		};
/* End PBXTargetDependency section */

/* Begin XCBuildConfiguration section */
		10E51E862ABC7B5100A2F5B7 /* Debug */ = {
			isa = XCBuildConfiguration;
			buildSettings = {
				ALWAYS_SEARCH_USER_PATHS = NO;
				CLANG_ANALYZER_NONNULL = YES;
				CLANG_ANALYZER_NUMBER_OBJECT_CONVERSION = YES_AGGRESSIVE;
				CLANG_CXX_LANGUAGE_STANDARD = "gnu++20";
				CLANG_ENABLE_MODULES = YES;
				CLANG_ENABLE_OBJC_ARC = YES;
				CLANG_ENABLE_OBJC_WEAK = YES;
				CLANG_WARN_BLOCK_CAPTURE_AUTORELEASING = YES;
				CLANG_WARN_BOOL_CONVERSION = YES;
				CLANG_WARN_COMMA = YES;
				CLANG_WARN_CONSTANT_CONVERSION = YES;
				CLANG_WARN_DEPRECATED_OBJC_IMPLEMENTATIONS = YES;
				CLANG_WARN_DIRECT_OBJC_ISA_USAGE = YES_ERROR;
				CLANG_WARN_DOCUMENTATION_COMMENTS = YES;
				CLANG_WARN_EMPTY_BODY = YES;
				CLANG_WARN_ENUM_CONVERSION = YES;
				CLANG_WARN_INFINITE_RECURSION = YES;
				CLANG_WARN_INT_CONVERSION = YES;
				CLANG_WARN_NON_LITERAL_NULL_CONVERSION = YES;
				CLANG_WARN_OBJC_IMPLICIT_RETAIN_SELF = YES;
				CLANG_WARN_OBJC_LITERAL_CONVERSION = YES;
				CLANG_WARN_OBJC_ROOT_CLASS = YES_ERROR;
				CLANG_WARN_QUOTED_INCLUDE_IN_FRAMEWORK_HEADER = YES;
				CLANG_WARN_RANGE_LOOP_ANALYSIS = YES;
				CLANG_WARN_STRICT_PROTOTYPES = YES;
				CLANG_WARN_SUSPICIOUS_MOVE = YES;
				CLANG_WARN_UNGUARDED_AVAILABILITY = YES_AGGRESSIVE;
				CLANG_WARN_UNREACHABLE_CODE = YES;
				CLANG_WARN__DUPLICATE_METHOD_MATCH = YES;
				COPY_PHASE_STRIP = NO;
				DEBUG_INFORMATION_FORMAT = dwarf;
				ENABLE_STRICT_OBJC_MSGSEND = YES;
				ENABLE_TESTABILITY = YES;
				GCC_C_LANGUAGE_STANDARD = gnu11;
				GCC_DYNAMIC_NO_PIC = NO;
				GCC_NO_COMMON_BLOCKS = YES;
				GCC_OPTIMIZATION_LEVEL = 0;
				GCC_PREPROCESSOR_DEFINITIONS = (
					"DEBUG=1",
					"$(inherited)",
				);
				GCC_WARN_64_TO_32_BIT_CONVERSION = YES;
				GCC_WARN_ABOUT_RETURN_TYPE = YES_ERROR;
				GCC_WARN_UNDECLARED_SELECTOR = YES;
				GCC_WARN_UNINITIALIZED_AUTOS = YES_AGGRESSIVE;
				GCC_WARN_UNUSED_FUNCTION = YES;
				GCC_WARN_UNUSED_VARIABLE = YES;
				IPHONEOS_DEPLOYMENT_TARGET = 16.4;
				MTL_ENABLE_DEBUG_INFO = INCLUDE_SOURCE;
				MTL_FAST_MATH = YES;
				ONLY_ACTIVE_ARCH = YES;
				SDKROOT = iphoneos;
				SWIFT_ACTIVE_COMPILATION_CONDITIONS = DEBUG;
				SWIFT_OPTIMIZATION_LEVEL = "-Onone";
			};
			name = Debug;
		};
		10E51E872ABC7B5100A2F5B7 /* Release */ = {
			isa = XCBuildConfiguration;
			buildSettings = {
				ALWAYS_SEARCH_USER_PATHS = NO;
				CLANG_ANALYZER_NONNULL = YES;
				CLANG_ANALYZER_NUMBER_OBJECT_CONVERSION = YES_AGGRESSIVE;
				CLANG_CXX_LANGUAGE_STANDARD = "gnu++20";
				CLANG_ENABLE_MODULES = YES;
				CLANG_ENABLE_OBJC_ARC = YES;
				CLANG_ENABLE_OBJC_WEAK = YES;
				CLANG_WARN_BLOCK_CAPTURE_AUTORELEASING = YES;
				CLANG_WARN_BOOL_CONVERSION = YES;
				CLANG_WARN_COMMA = YES;
				CLANG_WARN_CONSTANT_CONVERSION = YES;
				CLANG_WARN_DEPRECATED_OBJC_IMPLEMENTATIONS = YES;
				CLANG_WARN_DIRECT_OBJC_ISA_USAGE = YES_ERROR;
				CLANG_WARN_DOCUMENTATION_COMMENTS = YES;
				CLANG_WARN_EMPTY_BODY = YES;
				CLANG_WARN_ENUM_CONVERSION = YES;
				CLANG_WARN_INFINITE_RECURSION = YES;
				CLANG_WARN_INT_CONVERSION = YES;
				CLANG_WARN_NON_LITERAL_NULL_CONVERSION = YES;
				CLANG_WARN_OBJC_IMPLICIT_RETAIN_SELF = YES;
				CLANG_WARN_OBJC_LITERAL_CONVERSION = YES;
				CLANG_WARN_OBJC_ROOT_CLASS = YES_ERROR;
				CLANG_WARN_QUOTED_INCLUDE_IN_FRAMEWORK_HEADER = YES;
				CLANG_WARN_RANGE_LOOP_ANALYSIS = YES;
				CLANG_WARN_STRICT_PROTOTYPES = YES;
				CLANG_WARN_SUSPICIOUS_MOVE = YES;
				CLANG_WARN_UNGUARDED_AVAILABILITY = YES_AGGRESSIVE;
				CLANG_WARN_UNREACHABLE_CODE = YES;
				CLANG_WARN__DUPLICATE_METHOD_MATCH = YES;
				COPY_PHASE_STRIP = NO;
				DEBUG_INFORMATION_FORMAT = "dwarf-with-dsym";
				ENABLE_NS_ASSERTIONS = NO;
				ENABLE_STRICT_OBJC_MSGSEND = YES;
				GCC_C_LANGUAGE_STANDARD = gnu11;
				GCC_NO_COMMON_BLOCKS = YES;
				GCC_WARN_64_TO_32_BIT_CONVERSION = YES;
				GCC_WARN_ABOUT_RETURN_TYPE = YES_ERROR;
				GCC_WARN_UNDECLARED_SELECTOR = YES;
				GCC_WARN_UNINITIALIZED_AUTOS = YES_AGGRESSIVE;
				GCC_WARN_UNUSED_FUNCTION = YES;
				GCC_WARN_UNUSED_VARIABLE = YES;
				IPHONEOS_DEPLOYMENT_TARGET = 16.4;
				MTL_ENABLE_DEBUG_INFO = NO;
				MTL_FAST_MATH = YES;
				SDKROOT = iphoneos;
				SWIFT_COMPILATION_MODE = wholemodule;
				SWIFT_OPTIMIZATION_LEVEL = "-O";
				VALIDATE_PRODUCT = YES;
			};
			name = Release;
		};
		10E51E892ABC7B5100A2F5B7 /* Debug */ = {
			isa = XCBuildConfiguration;
			buildSettings = {
				ASSETCATALOG_COMPILER_APPICON_NAME = AppIcon;
				ASSETCATALOG_COMPILER_GLOBAL_ACCENT_COLOR_NAME = AccentColor;
				CODE_SIGN_STYLE = Automatic;
				CURRENT_PROJECT_VERSION = 1;
				DEVELOPMENT_ASSET_PATHS = "\"pronto/Preview Content\"";
				ENABLE_PREVIEWS = YES;
				GENERATE_INFOPLIST_FILE = YES;
				INFOPLIST_KEY_UIApplicationSceneManifest_Generation = YES;
				INFOPLIST_KEY_UIApplicationSupportsIndirectInputEvents = YES;
				INFOPLIST_KEY_UILaunchScreen_Generation = YES;
				INFOPLIST_KEY_UISupportedInterfaceOrientations_iPad = "UIInterfaceOrientationPortrait UIInterfaceOrientationPortraitUpsideDown UIInterfaceOrientationLandscapeLeft UIInterfaceOrientationLandscapeRight";
				INFOPLIST_KEY_UISupportedInterfaceOrientations_iPhone = "UIInterfaceOrientationPortrait UIInterfaceOrientationLandscapeLeft UIInterfaceOrientationLandscapeRight";
				LD_RUNPATH_SEARCH_PATHS = (
					"$(inherited)",
					"@executable_path/Frameworks",
				);
				MARKETING_VERSION = 1.0;
				PRODUCT_BUNDLE_IDENTIFIER = com.pronto.pronto;
				PRODUCT_NAME = "$(TARGET_NAME)";
				SWIFT_EMIT_LOC_STRINGS = YES;
				SWIFT_VERSION = 5.0;
				TARGETED_DEVICE_FAMILY = "1,2";
			};
			name = Debug;
		};
		10E51E8A2ABC7B5100A2F5B7 /* Release */ = {
			isa = XCBuildConfiguration;
			buildSettings = {
				ASSETCATALOG_COMPILER_APPICON_NAME = AppIcon;
				ASSETCATALOG_COMPILER_GLOBAL_ACCENT_COLOR_NAME = AccentColor;
				CODE_SIGN_STYLE = Automatic;
				CURRENT_PROJECT_VERSION = 1;
				DEVELOPMENT_ASSET_PATHS = "\"pronto/Preview Content\"";
				ENABLE_PREVIEWS = YES;
				GENERATE_INFOPLIST_FILE = YES;
				INFOPLIST_KEY_UIApplicationSceneManifest_Generation = YES;
				INFOPLIST_KEY_UIApplicationSupportsIndirectInputEvents = YES;
				INFOPLIST_KEY_UILaunchScreen_Generation = YES;
				INFOPLIST_KEY_UISupportedInterfaceOrientations_iPad = "UIInterfaceOrientationPortrait UIInterfaceOrientationPortraitUpsideDown UIInterfaceOrientationLandscapeLeft UIInterfaceOrientationLandscapeRight";
				INFOPLIST_KEY_UISupportedInterfaceOrientations_iPhone = "UIInterfaceOrientationPortrait UIInterfaceOrientationLandscapeLeft UIInterfaceOrientationLandscapeRight";
				LD_RUNPATH_SEARCH_PATHS = (
					"$(inherited)",
					"@executable_path/Frameworks",
				);
				MARKETING_VERSION = 1.0;
				PRODUCT_BUNDLE_IDENTIFIER = com.pronto.pronto;
				PRODUCT_NAME = "$(TARGET_NAME)";
				SWIFT_EMIT_LOC_STRINGS = YES;
				SWIFT_VERSION = 5.0;
				TARGETED_DEVICE_FAMILY = "1,2";
			};
			name = Release;
		};
		10E51E8C2ABC7B5100A2F5B7 /* Debug */ = {
			isa = XCBuildConfiguration;
			buildSettings = {
				ALWAYS_EMBED_SWIFT_STANDARD_LIBRARIES = YES;
				BUNDLE_LOADER = "$(TEST_HOST)";
				CODE_SIGN_STYLE = Automatic;
				CURRENT_PROJECT_VERSION = 1;
				GENERATE_INFOPLIST_FILE = YES;
				IPHONEOS_DEPLOYMENT_TARGET = 16.4;
				MARKETING_VERSION = 1.0;
				PRODUCT_BUNDLE_IDENTIFIER = com.pronto.prontoTests;
				PRODUCT_NAME = "$(TARGET_NAME)";
				SWIFT_EMIT_LOC_STRINGS = NO;
				SWIFT_VERSION = 5.0;
				TARGETED_DEVICE_FAMILY = "1,2";
				TEST_HOST = "$(BUILT_PRODUCTS_DIR)/pronto.app/$(BUNDLE_EXECUTABLE_FOLDER_PATH)/pronto";
			};
			name = Debug;
		};
		10E51E8D2ABC7B5100A2F5B7 /* Release */ = {
			isa = XCBuildConfiguration;
			buildSettings = {
				ALWAYS_EMBED_SWIFT_STANDARD_LIBRARIES = YES;
				BUNDLE_LOADER = "$(TEST_HOST)";
				CODE_SIGN_STYLE = Automatic;
				CURRENT_PROJECT_VERSION = 1;
				GENERATE_INFOPLIST_FILE = YES;
				IPHONEOS_DEPLOYMENT_TARGET = 16.4;
				MARKETING_VERSION = 1.0;
				PRODUCT_BUNDLE_IDENTIFIER = com.pronto.prontoTests;
				PRODUCT_NAME = "$(TARGET_NAME)";
				SWIFT_EMIT_LOC_STRINGS = NO;
				SWIFT_VERSION = 5.0;
				TARGETED_DEVICE_FAMILY = "1,2";
				TEST_HOST = "$(BUILT_PRODUCTS_DIR)/pronto.app/$(BUNDLE_EXECUTABLE_FOLDER_PATH)/pronto";
			};
			name = Release;
		};
		10E51E8F2ABC7B5100A2F5B7 /* Debug */ = {
			isa = XCBuildConfiguration;
			buildSettings = {
				ALWAYS_EMBED_SWIFT_STANDARD_LIBRARIES = YES;
				CODE_SIGN_STYLE = Automatic;
				CURRENT_PROJECT_VERSION = 1;
				GENERATE_INFOPLIST_FILE = YES;
				MARKETING_VERSION = 1.0;
				PRODUCT_BUNDLE_IDENTIFIER = com.pronto.prontoUITests;
				PRODUCT_NAME = "$(TARGET_NAME)";
				SWIFT_EMIT_LOC_STRINGS = NO;
				SWIFT_VERSION = 5.0;
				TARGETED_DEVICE_FAMILY = "1,2";
				TEST_TARGET_NAME = pronto;
			};
			name = Debug;
		};
		10E51E902ABC7B5100A2F5B7 /* Release */ = {
			isa = XCBuildConfiguration;
			buildSettings = {
				ALWAYS_EMBED_SWIFT_STANDARD_LIBRARIES = YES;
				CODE_SIGN_STYLE = Automatic;
				CURRENT_PROJECT_VERSION = 1;
				GENERATE_INFOPLIST_FILE = YES;
				MARKETING_VERSION = 1.0;
				PRODUCT_BUNDLE_IDENTIFIER = com.pronto.prontoUITests;
				PRODUCT_NAME = "$(TARGET_NAME)";
				SWIFT_EMIT_LOC_STRINGS = NO;
				SWIFT_VERSION = 5.0;
				TARGETED_DEVICE_FAMILY = "1,2";
				TEST_TARGET_NAME = pronto;
			};
			name = Release;
		};
/* End XCBuildConfiguration section */

/* Begin XCConfigurationList section */
		10E51E5F2ABC7B4E00A2F5B7 /* Build configuration list for PBXProject "pronto" */ = {
			isa = XCConfigurationList;
			buildConfigurations = (
				10E51E862ABC7B5100A2F5B7 /* Debug */,
				10E51E872ABC7B5100A2F5B7 /* Release */,
			);
			defaultConfigurationIsVisible = 0;
			defaultConfigurationName = Release;
		};
		10E51E882ABC7B5100A2F5B7 /* Build configuration list for PBXNativeTarget "pronto" */ = {
			isa = XCConfigurationList;
			buildConfigurations = (
				10E51E892ABC7B5100A2F5B7 /* Debug */,
				10E51E8A2ABC7B5100A2F5B7 /* Release */,
			);
			defaultConfigurationIsVisible = 0;
			defaultConfigurationName = Release;
		};
		10E51E8B2ABC7B5100A2F5B7 /* Build configuration list for PBXNativeTarget "prontoTests" */ = {
			isa = XCConfigurationList;
			buildConfigurations = (
				10E51E8C2ABC7B5100A2F5B7 /* Debug */,
				10E51E8D2ABC7B5100A2F5B7 /* Release */,
			);
			defaultConfigurationIsVisible = 0;
			defaultConfigurationName = Release;
		};
		10E51E8E2ABC7B5100A2F5B7 /* Build configuration list for PBXNativeTarget "prontoUITests" */ = {
			isa = XCConfigurationList;
			buildConfigurations = (
				10E51E8F2ABC7B5100A2F5B7 /* Debug */,
				10E51E902ABC7B5100A2F5B7 /* Release */,
			);
			defaultConfigurationIsVisible = 0;
			defaultConfigurationName = Release;
		};
/* End XCConfigurationList section */
	};
	rootObject = 10E51E5C2ABC7B4E00A2F5B7 /* Project object */;
}
